
Microsoft Visual Studio Solution File, Format Version 12.00
# Visual Studio Version 17
VisualStudioVersion = 17.2.32526.322
MinimumVisualStudioVersion = 10.0.40219.1
Project("{2150E333-8FDC-42A3-9474-1A3956D46DE8}") = "1 - EntryPoints", "1 - EntryPoints", "{C303FD28-EAC8-4A5A-ABB1-A2E61D35E7E3}"
EndProject
Project("{2150E333-8FDC-42A3-9474-1A3956D46DE8}") = "2 - Application", "2 - Application", "{89790C3A-7D41-4F4B-9CC3-ABAD70F822B3}"
EndProject
Project("{2150E333-8FDC-42A3-9474-1A3956D46DE8}") = "3 - Domain", "3 - Domain", "{FF3665EE-2EA2-49EF-9C29-D7BBF9B38239}"
EndProject
Project("{2150E333-8FDC-42A3-9474-1A3956D46DE8}") = "4 - Infra", "4 - Infra", "{A39BE123-FAEB-4F15-8413-4871C28012E9}"
EndProject
Project("{2150E333-8FDC-42A3-9474-1A3956D46DE8}") = "5 -Tests", "5 -Tests", "{61F29182-BFC6-4149-B33C-7A6D9D2D2FFA}"
EndProject
Project("{9A19103F-16F7-4668-BE54-9A1E7A4F7556}") = "App.Application", "App.Application\App.Application.csproj", "{3DCD0FCA-86D4-4544-8A11-063CCC6675CA}"
EndProject
Project("{9A19103F-16F7-4668-BE54-9A1E7A4F7556}") = "App.Domain", "App.Domain\App.Domain.csproj", "{DD53A9EE-5BD5-426D-AEE7-16B895FCF481}"
EndProject
Project("{9A19103F-16F7-4668-BE54-9A1E7A4F7556}") = "App.Infra.Data", "App.Infra.Data\App.Infra.Data.csproj", "{8FC90AFD-EE5C-4B0E-AA11-D70DB5F409D9}"
EndProject
Project("{9A19103F-16F7-4668-BE54-9A1E7A4F7556}") = "App.Test", "App.Test\App.Test.csproj", "{D6BB6F62-6422-484C-BFBF-EC923EFBA6F1}"
EndProject
Project("{9A19103F-16F7-4668-BE54-9A1E7A4F7556}") = "App.Web", "App.Web\App.Web.csproj", "{83E8245D-6E68-4CAE-887F-10360BC0C229}"
EndProject
Project("{2150E333-8FDC-42A3-9474-1A3956D46DE8}") = "4.1 - Data", "4.1 - Data", "{9A7DCBF2-7500-438D-980E-71A1C349C6BD}"
EndProject
Project("{2150E333-8FDC-42A3-9474-1A3956D46DE8}") = "4.2 - CrossCutting", "4.2 - CrossCutting", "{900DFA68-271F-4B02-BB5E-8A576A9730A4}"
EndProject
Project("{9A19103F-16F7-4668-BE54-9A1E7A4F7556}") = "App.Infra.CrossCutting.IoC", "App.Infra.CrossCutting.IoC\App.Infra.CrossCutting.IoC.csproj", "{940B4A8A-099B-44F4-AFEC-BA4BBA83215E}"
EndProject
Project("{FAE04EC0-301F-11D3-BF4B-00C04F79EFBC}") = "App.BDD", "App.BDD\App.BDD.csproj", "{95B5BB22-B187-46F8-8F74-561A8CE966CD}"
EndProject
Global
	GlobalSection(SolutionConfigurationPlatforms) = preSolution
		Debug|Any CPU = Debug|Any CPU
		Release|Any CPU = Release|Any CPU
	EndGlobalSection
	GlobalSection(ProjectConfigurationPlatforms) = postSolution
		{3DCD0FCA-86D4-4544-8A11-063CCC6675CA}.Debug|Any CPU.ActiveCfg = Debug|Any CPU
		{3DCD0FCA-86D4-4544-8A11-063CCC6675CA}.Debug|Any CPU.Build.0 = Debug|Any CPU
		{3DCD0FCA-86D4-4544-8A11-063CCC6675CA}.Release|Any CPU.ActiveCfg = Release|Any CPU
		{3DCD0FCA-86D4-4544-8A11-063CCC6675CA}.Release|Any CPU.Build.0 = Release|Any CPU
		{DD53A9EE-5BD5-426D-AEE7-16B895FCF481}.Debug|Any CPU.ActiveCfg = Debug|Any CPU
		{DD53A9EE-5BD5-426D-AEE7-16B895FCF481}.Debug|Any CPU.Build.0 = Debug|Any CPU
		{DD53A9EE-5BD5-426D-AEE7-16B895FCF481}.Release|Any CPU.ActiveCfg = Release|Any CPU
		{DD53A9EE-5BD5-426D-AEE7-16B895FCF481}.Release|Any CPU.Build.0 = Release|Any CPU
		{8FC90AFD-EE5C-4B0E-AA11-D70DB5F409D9}.Debug|Any CPU.ActiveCfg = Debug|Any CPU
		{8FC90AFD-EE5C-4B0E-AA11-D70DB5F409D9}.Debug|Any CPU.Build.0 = Debug|Any CPU
		{8FC90AFD-EE5C-4B0E-AA11-D70DB5F409D9}.Release|Any CPU.ActiveCfg = Release|Any CPU
		{8FC90AFD-EE5C-4B0E-AA11-D70DB5F409D9}.Release|Any CPU.Build.0 = Release|Any CPU
		{D6BB6F62-6422-484C-BFBF-EC923EFBA6F1}.Debug|Any CPU.ActiveCfg = Debug|Any CPU
		{D6BB6F62-6422-484C-BFBF-EC923EFBA6F1}.Debug|Any CPU.Build.0 = Debug|Any CPU
		{D6BB6F62-6422-484C-BFBF-EC923EFBA6F1}.Release|Any CPU.ActiveCfg = Release|Any CPU
		{D6BB6F62-6422-484C-BFBF-EC923EFBA6F1}.Release|Any CPU.Build.0 = Release|Any CPU
		{83E8245D-6E68-4CAE-887F-10360BC0C229}.Debug|Any CPU.ActiveCfg = Debug|Any CPU
		{83E8245D-6E68-4CAE-887F-10360BC0C229}.Debug|Any CPU.Build.0 = Debug|Any CPU
		{83E8245D-6E68-4CAE-887F-10360BC0C229}.Release|Any CPU.ActiveCfg = Release|Any CPU
		{83E8245D-6E68-4CAE-887F-10360BC0C229}.Release|Any CPU.Build.0 = Release|Any CPU
		{940B4A8A-099B-44F4-AFEC-BA4BBA83215E}.Debug|Any CPU.ActiveCfg = Debug|Any CPU
		{940B4A8A-099B-44F4-AFEC-BA4BBA83215E}.Debug|Any CPU.Build.0 = Debug|Any CPU
		{940B4A8A-099B-44F4-AFEC-BA4BBA83215E}.Release|Any CPU.ActiveCfg = Release|Any CPU
		{940B4A8A-099B-44F4-AFEC-BA4BBA83215E}.Release|Any CPU.Build.0 = Release|Any CPU
		{95B5BB22-B187-46F8-8F74-561A8CE966CD}.Debug|Any CPU.ActiveCfg = Debug|Any CPU
		{95B5BB22-B187-46F8-8F74-561A8CE966CD}.Debug|Any CPU.Build.0 = Debug|Any CPU
		{95B5BB22-B187-46F8-8F74-561A8CE966CD}.Release|Any CPU.ActiveCfg = Release|Any CPU
		{95B5BB22-B187-46F8-8F74-561A8CE966CD}.Release|Any CPU.Build.0 = Release|Any CPU
	EndGlobalSection
	GlobalSection(SolutionProperties) = preSolution
		HideSolutionNode = FALSE
	EndGlobalSection
	GlobalSection(NestedProjects) = preSolution
		{3DCD0FCA-86D4-4544-8A11-063CCC6675CA} = {89790C3A-7D41-4F4B-9CC3-ABAD70F822B3}
		{DD53A9EE-5BD5-426D-AEE7-16B895FCF481} = {FF3665EE-2EA2-49EF-9C29-D7BBF9B38239}
		{8FC90AFD-EE5C-4B0E-AA11-D70DB5F409D9} = {9A7DCBF2-7500-438D-980E-71A1C349C6BD}
		{D6BB6F62-6422-484C-BFBF-EC923EFBA6F1} = {61F29182-BFC6-4149-B33C-7A6D9D2D2FFA}
		{83E8245D-6E68-4CAE-887F-10360BC0C229} = {C303FD28-EAC8-4A5A-ABB1-A2E61D35E7E3}
		{9A7DCBF2-7500-438D-980E-71A1C349C6BD} = {A39BE123-FAEB-4F15-8413-4871C28012E9}
		{900DFA68-271F-4B02-BB5E-8A576A9730A4} = {A39BE123-FAEB-4F15-8413-4871C28012E9}
		{940B4A8A-099B-44F4-AFEC-BA4BBA83215E} = {900DFA68-271F-4B02-BB5E-8A576A9730A4}
		{95B5BB22-B187-46F8-8F74-561A8CE966CD} = {61F29182-BFC6-4149-B33C-7A6D9D2D2FFA}
	EndGlobalSection
	GlobalSection(ExtensibilityGlobals) = postSolution
		SolutionGuid = {2CE5C7A5-13A9-490A-8B85-6AC436966BE9}
	EndGlobalSection
EndGlobal
